# This file is autogenerated, do not edit; changes may be undone by the next 'dep ensure'.


[[projects]]
  branch = "master"
  digest = "1:a6a3ce6ff165f9a640e57773c90eb594d68974edc877500649707daddae7fd39"
  name = "github.com/armon/go-metrics"
  packages = ["."]
  pruneopts = ""
  revision = "ec5e00d3c878b2a97bbe0884ef45ffd1b4f669f5"

[[projects]]
  branch = "master"
  digest = "1:1c79b4aa1548a403020b1fa7236f882b2352f8801f2e8ac60019d331707909d0"
  name = "github.com/armon/go-proxyproto"
  packages = ["."]
  pruneopts = ""
  revision = "68259f75880e8bcc207a49de82466957646af353"

[[projects]]
  digest = "1:ac2a05be7167c495fe8aaf8aaf62ecf81e78d2180ecb04e16778dc6c185c96a5"
  name = "github.com/beorn7/perks"
  packages = ["quantile"]
  pruneopts = ""
  revision = "37c8de3658fcb183f997c4e13e8337516ab753e6"
  version = "v1.0.1"

[[projects]]
  digest = "1:0deddd908b6b4b768cfc272c16ee61e7088a60f7fe2f06c547bd3d8e1f8b8e77"
  name = "github.com/davecgh/go-spew"
  packages = ["spew"]
  pruneopts = ""
  revision = "8991bc29aa16c548c550c7ff78260e27b9ab7c73"
  version = "v1.1.1"

[[projects]]
  digest = "1:6098222470fe0172157ce9bbef5d2200df4edde17ee649c5d6e48330e4afa4c6"
  name = "github.com/dgrijalva/jwt-go"
  packages = ["."]
  pruneopts = ""
  revision = "06ea1031745cb8b3dab3f6a236daf2b0aa468b7e"
  version = "v3.2.0"

[[projects]]
  digest = "1:eb53021a8aa3f599d29c7102e65026242bdedce998a54837dc67f14b6a97c5fd"
  name = "github.com/fsnotify/fsnotify"
  packages = ["."]
  pruneopts = ""
  revision = "c2828203cd70a50dcccfb2761f8b1f8ceef9a8e9"
  version = "v1.4.7"

[[projects]]
  digest = "1:fd53b471edb4c28c7d297f617f4da0d33402755f58d6301e7ca1197ef0a90937"
  name = "github.com/gogo/protobuf"
  packages = ["proto"]
  pruneopts = ""
  revision = "ba06b47c162d49f2af050fb4c75bcbc86a159d5c"
  version = "v1.2.1"

[[projects]]
  digest = "1:b852d2b62be24e445fcdbad9ce3015b44c207815d631230dfce3f14e7803f5bf"
  name = "github.com/golang/protobuf"
  packages = [
    "proto",
    "ptypes",
    "ptypes/any",
    "ptypes/duration",
    "ptypes/timestamp",
  ]
  pruneopts = ""
  revision = "6c65a5562fc06764971b7c5d05c76c75e84bdbf7"
  version = "v1.3.2"

[[projects]]
  digest = "1:6a6322a15aa8e99bd156fbba0aae4e5d67b4bb05251d860b348a45dfdcba9cce"
  name = "github.com/golang/snappy"
  packages = ["."]
  pruneopts = ""
  revision = "2a8bb927dd31d8daada140a5d09578521ce5c36a"
  version = "v0.0.1"

[[projects]]
  digest = "1:1e5b1e14524ed08301977b7b8e10c719ed853cbf3f24ecb66fae783a46f207a6"
  name = "github.com/google/btree"
  packages = ["."]
  pruneopts = ""
  revision = "4030bb1f1f0c35b30ca7009e9ebd06849dd45306"
  version = "v1.0.0"

[[projects]]
  digest = "1:ad92aa49f34cbc3546063c7eb2cabb55ee2278b72842eda80e2a20a8a06a8d73"
  name = "github.com/google/uuid"
  packages = ["."]
  pruneopts = ""
  revision = "0cd6bf5da1e1c83f8b45653022c74f71af0538a4"
  version = "v1.1.1"

[[projects]]
  digest = "1:e24dc5ef44694848785de507f439a24e9e6d96d7b43b8cf3d6cfa857aa1e2186"
  name = "github.com/grpc-ecosystem/go-grpc-prometheus"
  packages = ["."]
  pruneopts = ""
  revision = "c225b8c3b01faf2899099b768856a9e916e5087b"
  version = "v1.2.0"

[[projects]]
  digest = "1:e517a4fb63e7467e44600a420863fba5c4c9769d486759fb3c6e04fd071854d9"
  name = "github.com/hashicorp/consul"
  packages = ["api"]
  pruneopts = ""
  revision = "9be6dfc310ddd54627d698537a98827245185290"
  version = "v1.6.1"

[[projects]]
  digest = "1:8e3bd93036b4a925fe2250d3e4f38f21cadb8ef623561cd80c3c50c114b13201"
  name = "github.com/hashicorp/errwrap"
  packages = ["."]
  pruneopts = ""
  revision = "8a6fb523712970c966eefc6b39ed2c5e74880354"
  version = "v1.0.0"

[[projects]]
  digest = "1:984b627a3c838daa9f4c949ec8e6f049a7021b1156eb4db0337c3a5afe07aada"
  name = "github.com/hashicorp/go-cleanhttp"
  packages = ["."]
  pruneopts = ""
  revision = "eda1e5db218aad1db63ca4642c8906b26bcf2744"
  version = "v0.5.1"

[[projects]]
  digest = "1:2f7a9df14614ced87f61688d9c08080e89d4a931232bf92a169e1b46b38566fe"
  name = "github.com/hashicorp/go-hclog"
  packages = ["."]
  pruneopts = ""
  revision = "5ccdce08c75b6c7b37af61159f13f6a4f5e2e928"
  version = "v0.9.2"

[[projects]]
  digest = "1:1b913b0e775a9c55defad5b4549f08d848db0eb999e2f633f89730a852c0af76"
  name = "github.com/hashicorp/go-immutable-radix"
  packages = ["."]
  pruneopts = ""
  revision = "7dd1121b595e4e1bd6dd5caa78e0f5c454740379"
  version = "v1.1.0"

[[projects]]
  digest = "1:2609b600f5ab42254d4c5ce358076a0755b7a5e207bd4eded0d0eaca867c0e17"
  name = "github.com/hashicorp/go-memdb"
  packages = ["."]
  pruneopts = ""
  revision = "dd4dbb7cbc982b021ac8d7db55d9553dee3eeeda"
  version = "v1.0.3"

[[projects]]
  digest = "1:2c758fb475e2a3d141c779dfa694baf252e255031666a8c1ad28b147223a2b28"
  name = "github.com/hashicorp/go-msgpack"
  packages = ["codec"]
  pruneopts = ""
  revision = "ad60660ecf9c5a1eae0ca32182ed72bab5807961"
  version = "v0.5.5"

[[projects]]
  digest = "1:72308fdd6d5ef61106a95be7ca72349a5565809042b6426a3cfb61d99483b824"
  name = "github.com/hashicorp/go-multierror"
  packages = ["."]
  pruneopts = ""
  revision = "886a7fbe3eb1c874d46f623bfa70af45f425b3d1"
  version = "v1.0.0"

[[projects]]
  digest = "1:84050a8958e1c4a42041461000bad406e567402677dc026dd6e0342ccbeb4392"
  name = "github.com/hashicorp/go-retryablehttp"
  packages = ["."]
  pruneopts = ""
  revision = "a83ad44d6a5fc343d7c4babf601092b3c189f402"
  version = "v0.6.2"

[[projects]]
  digest = "1:1ce74de952243566df45871a9e823f3000efac179a8a75af8b1c57c49ae89d97"
  name = "github.com/hashicorp/go-rootcerts"
  packages = ["."]
  pruneopts = ""
  revision = "df8e78a645e18d56ed7bb9ae10ffb8174ab892e2"
  version = "v1.0.1"

[[projects]]
  digest = "1:24ee99da0190535baad44a5df2710ca2e116d615fcaaffcf3b79b476450af917"
  name = "github.com/hashicorp/go-sockaddr"
  packages = ["."]
  pruneopts = ""
  revision = "c7188e74f6acae5a989bdc959aa779f8b9f42faf"
  version = "v1.0.2"

[[projects]]
  digest = "1:7f6f07500a0b7d3766b00fa466040b97f2f5b5f3eef2ecabfe516e703b05119a"
  name = "github.com/hashicorp/golang-lru"
  packages = ["simplelru"]
  pruneopts = ""
  revision = "7f827b33c0f158ec5dfbba01bb0b14a4541fd81d"
  version = "v0.5.3"

[[projects]]
  digest = "1:d14365c51dd1d34d5c79833ec91413bfbb166be978724f15701e17080dc06dec"
  name = "github.com/hashicorp/hcl"
  packages = [
    ".",
    "hcl/ast",
    "hcl/parser",
    "hcl/printer",
    "hcl/scanner",
    "hcl/strconv",
    "hcl/token",
    "json/parser",
    "json/scanner",
    "json/token",
  ]
  pruneopts = ""
  revision = "8cb6e5b959231cc1119e43259c4a608f9c51a241"
  version = "v1.0.0"

[[projects]]
  digest = "1:02a4a395fac980e3b9145ede43adfc8deb8247acdcd2084791be96557c5b8b60"
  name = "github.com/hashicorp/memberlist"
  packages = ["."]
  pruneopts = ""
  revision = "e1138a6a4d8a6eaec6c919aeae5efbe4d69b1ece"
  version = "v0.1.4"

[[projects]]
  digest = "1:89b20f206d185f03f2c9e2868c39518b85986dd5399effbac7ee6869ac2e5a28"
  name = "github.com/hashicorp/raft"
  packages = ["."]
  pruneopts = ""
  revision = "ff523e1c1515a5b33cc3153a34c984093fed06bb"
  version = "v1.1.1"

[[projects]]
  digest = "1:4d298692efc058ff814677015c8db92b1ac63baffa8e238382babd77e1c5fcd4"
  name = "github.com/hashicorp/serf"
  packages = ["coordinate"]
  pruneopts = ""
  revision = "15cfd05de3dffb3664aa37b06e91f970b825e380"
  version = "v0.8.3"

[[projects]]
  digest = "1:1f8b1d2919d8e40644e06eb1cf4f07e46c0cdfb292ae5a95518967d457375e70"
  name = "github.com/hashicorp/vault"
  packages = [
    "api",
    "helper/compressutil",
    "helper/consts",
    "helper/hclutil",
    "helper/jsonutil",
    "helper/parseutil",
    "helper/strutil",
  ]
  pruneopts = ""
  revision = "dad2b6048153fea5efbc0c06a5f35c06c767b308"
  version = "v0.11.6"

[[projects]]
  digest = "1:870d441fe217b8e689d7949fef6e43efbc787e50f200cb1e70dbca9204a1d6be"
  name = "github.com/inconshreveable/mousetrap"
  packages = ["."]
  pruneopts = ""
  revision = "76626ae9c91c4f2a10f34cad8ce83ea42c93bb75"
  version = "v1.0"

[[projects]]
  digest = "1:ae39921edb7f801f7ce1b6b5484f9715a1dd2b52cb645daef095cd10fd6ee774"
  name = "github.com/magiconair/properties"
  packages = ["."]
  pruneopts = ""
  revision = "de8848e004dd33dc07a2947b3d76f618a7fc7ef1"
  version = "v1.8.1"

[[projects]]
  digest = "1:63722a4b1e1717be7b98fc686e0b30d5e7f734b9e93d7dee86293b6deab7ea28"
  name = "github.com/matttproud/golang_protobuf_extensions"
  packages = ["pbutil"]
  pruneopts = ""
  revision = "c12348ce28de40eed0136aa2b644d0ee0650e56c"
  version = "v1.0.1"

[[projects]]
  digest = "1:72c3b7690bee3c15b0ccc66347b5ee8340ead64f9b78003341a1abb8a7c5c443"
  name = "github.com/miekg/dns"
  packages = ["."]
  pruneopts = ""
  revision = "c67445656579a3c3836047c509073f97022da0ed"
  version = "v1.1.16"

[[projects]]
  digest = "1:6dbb0eb72090871f2e58d1e37973fe3cb8c0f45f49459398d3fc740cb30e13bd"
  name = "github.com/mitchellh/go-homedir"
  packages = ["."]
  pruneopts = ""
  revision = "af06845cf3004701891bf4fdb884bfe4920b3727"
  version = "v1.1.0"

[[projects]]
  digest = "1:bcc46a0fbd9e933087bef394871256b5c60269575bb661935874729c65bbbf60"
  name = "github.com/mitchellh/mapstructure"
  packages = ["."]
  pruneopts = ""
  revision = "3536a929edddb9a5b34bd6861dc4a9647cb459fe"
  version = "v1.1.2"

[[projects]]
  digest = "1:3d2c33720d4255686b9f4a7e4d3b94938ee36063f14705c5eb0f73347ed4c496"
  name = "github.com/pelletier/go-toml"
  packages = ["."]
  pruneopts = ""
  revision = "728039f679cbcd4f6a54e080d2219a4c4928c546"
  version = "v1.4.0"

[[projects]]
  branch = "master"
  digest = "1:5f0faa008e8ff4221b55a1a5057c8b02cb2fd68da6a65c9e31c82b72cbc836d0"
  name = "github.com/petar/GoLLRB"
  packages = ["llrb"]
  pruneopts = ""
  revision = "33fb24c13b99c46c93183c291836c573ac382536"

[[projects]]
  digest = "1:230e4db8117493b67a1325ac736e78b7db5bc425deaa46a83ee882af934d8c22"
  name = "github.com/pierrec/lz4"
  packages = [
    ".",
    "internal/xxh32",
  ]
  pruneopts = ""
  revision = "8ef35db8296124c4969aab929c16c91c3cb2c8a0"
  version = "v2.2.6"

[[projects]]
  digest = "1:256484dbbcd271f9ecebc6795b2df8cad4c458dd0f5fd82a8c2fa0c29f233411"
  name = "github.com/pmezard/go-difflib"
  packages = ["difflib"]
  pruneopts = ""
  revision = "792786c7400a136282c1664665ae0a8db921c6c2"
  version = "v1.0.0"

[[projects]]
  digest = "1:6bea0cda3fc62855d5312163e7d259fb97e31692d93c08cfffbeb2d00df0f13c"
  name = "github.com/prometheus/client_golang"
  packages = [
    "prometheus",
    "prometheus/internal",
    "prometheus/promhttp",
  ]
  pruneopts = ""
  revision = "170205fb58decfd011f1550d4cfb737230d7ae4f"
  version = "v1.1.0"

[[projects]]
  branch = "master"
  digest = "1:0a565f69553dd41b3de790fde3532e9237142f2637899e20cd3e7396f0c4f2f7"
  name = "github.com/prometheus/client_model"
  packages = ["go"]
  pruneopts = ""
  revision = "14fe0d1b01d4d5fc031dd4bec1823bd3ebbe8016"

[[projects]]
  digest = "1:0f2cee44695a3208fe5d6926076641499c72304e6f015348c9ab2df90a202cdf"
  name = "github.com/prometheus/common"
  packages = [
    "expfmt",
    "internal/bitbucket.org/ww/goautoneg",
    "model",
  ]
  pruneopts = ""
  revision = "31bed53e4047fd6c510e43a941f90cb31be0972a"
  version = "v0.6.0"

[[projects]]
  digest = "1:e010d89927008cac947ad9650f643a1b2b668dde47adfe56664da8694c1541d1"
  name = "github.com/prometheus/procfs"
  packages = [
    ".",
    "internal/fs",
    "internal/util",
  ]
  pruneopts = ""
  revision = "00ec24a6a2d86e7074629c8384715dbb05adccd8"
  version = "v0.0.4"

[[projects]]
  digest = "1:4244255905cb95c3c98894d671367f84a6292608ae528936fe46ba9c86f68393"
  name = "github.com/ryanuber/go-glob"
  packages = ["."]
  pruneopts = ""
  revision = "51a8f68e6c24dc43f1e371749c89a267de4ebc53"
  version = "v1.0.0"

[[projects]]
  branch = "master"
  digest = "1:6ee36f2cea425916d81fdaaf983469fc18f91b3cf090cfe90fa0a9d85b8bfab7"
  name = "github.com/sean-/seed"
  packages = ["."]
  pruneopts = ""
  revision = "e2103e2c35297fb7e17febb81e49b312087a2372"

[[projects]]
  digest = "1:956f655c87b7255c6b1ae6c203ebb0af98cf2a13ef2507e34c9bf1c0332ac0f5"
  name = "github.com/spf13/afero"
  packages = [
    ".",
    "mem",
  ]
  pruneopts = ""
  revision = "588a75ec4f32903aa5e39a2619ba6a4631e28424"
  version = "v1.2.2"

[[projects]]
  digest = "1:ae3493c780092be9d576a1f746ab967293ec165e8473425631f06658b6212afc"
  name = "github.com/spf13/cast"
  packages = ["."]
  pruneopts = ""
  revision = "8c9545af88b134710ab1cd196795e7f2388358d7"
  version = "v1.3.0"

[[projects]]
  digest = "1:0c63b3c7ad6d825a898f28cb854252a3b29d37700c68a117a977263f5ec94efe"
  name = "github.com/spf13/cobra"
  packages = ["."]
  pruneopts = ""
  revision = "f2b07da1e2c38d5f12845a4f607e2e1018cbb1f5"
  version = "v0.0.5"

[[projects]]
  digest = "1:cc15ae4fbdb02ce31f3392361a70ac041f4f02e0485de8ffac92bd8033e3d26e"
  name = "github.com/spf13/jwalterweatherman"
  packages = ["."]
  pruneopts = ""
  revision = "94f6ae3ed3bceceafa716478c5fbf8d29ca601a1"
  version = "v1.1.0"

[[projects]]
  digest = "1:cbaf13cdbfef0e4734ed8a7504f57fe893d471d62a35b982bf6fb3f036449a66"
  name = "github.com/spf13/pflag"
  packages = ["."]
  pruneopts = ""
  revision = "298182f68c66c05229eb03ac171abe6e309ee79a"
  version = "v1.0.3"

[[projects]]
  digest = "1:9b483544fcf4fc0155e566f49ee669c205fba12a36eb18e7f80510796a606db4"
  name = "github.com/spf13/viper"
  packages = ["."]
  pruneopts = ""
  revision = "b5bf975e5823809fb22c7644d008757f78a4259e"
  version = "v1.4.0"

[[projects]]
  digest = "1:f7b541897bcde05a04a044c342ddc7425aab7e331f37b47fbb486cd16324b48e"
  name = "github.com/stretchr/testify"
  packages = [
    "assert",
    "require",
  ]
  pruneopts = ""
  revision = "221dbe5ed46703ee255b1da0dec05086f5035f62"
  version = "v1.4.0"

[[projects]]
  digest = "1:e55050adafc8996abe2db48f25fc6a4c2e870720cc0bf7f20122ba1e1862fb42"
  name = "github.com/vx-labs/iot-mqtt-auth"
  packages = [
    "api",
    "types",
  ]
  pruneopts = ""
  revision = "42beaacfe2fc70ce0a4727196351091b093715ab"
  version = "v1.0.2"

[[projects]]
  digest = "1:a6896eb3845e982a54c8fcbeaf41809f069c44c7cb97a3eeae5a23f9a3008450"
  name = "github.com/vx-labs/mqtt-protocol"
  packages = [
    "decoder",
    "encoder",
    "packet",
  ]
  pruneopts = ""
  revision = "bbe604cb8fbe2e1193c811ee97de1134f2721858"
  version = "v4.0.5"

[[projects]]
  digest = "1:e6ff7840319b6fda979a918a8801005ec2049abca62af19211d96971d8ec3327"
  name = "go.uber.org/atomic"
  packages = ["."]
  pruneopts = ""
  revision = "df976f2515e274675050de7b3f42545de80594fd"
  version = "v1.4.0"

[[projects]]
  digest = "1:22c7effcb4da0eacb2bb1940ee173fac010e9ef3c691f5de4b524d538bd980f5"
  name = "go.uber.org/multierr"
  packages = ["."]
  pruneopts = ""
  revision = "3c4937480c32f4c13a875a1829af76c98ca3d40a"
  version = "v1.1.0"

[[projects]]
  digest = "1:984e93aca9088b440b894df41f2043b6a3db8f9cf30767032770bfc4796993b0"
  name = "go.uber.org/zap"
  packages = [
    ".",
    "buffer",
    "internal/bufferpool",
    "internal/color",
    "internal/exit",
    "zapcore",
  ]
  pruneopts = ""
  revision = "27376062155ad36be76b0f12cf1572a221d3a48c"
  version = "v1.10.0"

[[projects]]
  branch = "master"
  digest = "1:a530f8e0c0ee8a3b440f9f0b0e9f4e5d5e47cfe3a581086ce32cd8ba114ddf4f"
  name = "golang.org/x/crypto"
  packages = [
    "acme",
    "acme/autocert",
    "ed25519",
    "ed25519/internal/edwards25519",
  ]
  pruneopts = ""
  revision = "9756ffdc24725223350eb3266ffb92590d28f278"

[[projects]]
  branch = "master"
  digest = "1:87c06c289123bf8be0a776c57ca40ce075f6c598a905ff2ff8ba40fba0d5d17c"
  name = "golang.org/x/net"
  packages = [
    "bpf",
    "context",
    "http/httpguts",
    "http2",
    "http2/hpack",
    "idna",
    "internal/iana",
    "internal/socket",
    "internal/timeseries",
    "ipv4",
    "ipv6",
    "trace",
    "websocket",
  ]
  pruneopts = ""
  revision = "ba9fcec4b297b415637633c5a6e8fa592e4a16c3"

[[projects]]
  branch = "master"
  digest = "1:d9222a165eab05f8b8f085c68fdee5ecc670f4f834e3ecbac6069dd3b768a6b3"
  name = "golang.org/x/sys"
  packages = [
    "unix",
    "windows",
  ]
  pruneopts = ""
  revision = "c7b8b68b14567162c6602a7c5659ee0f26417c18"

[[projects]]
  digest = "1:740b51a55815493a8d0f2b1e0d0ae48fe48953bf7eaf3fcc4198823bf67768c0"
  name = "golang.org/x/text"
  packages = [
    "collate",
    "collate/build",
    "internal/colltab",
    "internal/gen",
    "internal/language",
    "internal/language/compact",
    "internal/tag",
    "internal/triegen",
    "internal/ucd",
    "language",
    "secure/bidirule",
    "transform",
    "unicode/bidi",
    "unicode/cldr",
    "unicode/norm",
    "unicode/rangetable",
  ]
  pruneopts = ""
  revision = "342b2e1fbaa52c93f31447ad2c6abc048c63e475"
  version = "v0.3.2"

[[projects]]
  branch = "master"
  digest = "1:9522af4be529c108010f95b05f1022cb872f2b9ff8b101080f554245673466e1"
  name = "golang.org/x/time"
  packages = ["rate"]
  pruneopts = ""
  revision = "9d24e82272b4f38b78bc8cff74fa936d31ccd8ef"

[[projects]]
  branch = "master"
  digest = "1:e1505a39ad844b6a89856ffb97363cc47cbee0c511c1423d2d9c673cc4a215a0"
  name = "google.golang.org/genproto"
  packages = ["googleapis/rpc/status"]
  pruneopts = ""
  revision = "24fa4b261c55da65468f2abfdae2b024eef27dfb"

[[projects]]
  digest = "1:e8a4007e58ea9431f6460d1bc5c7f9dd29fdc0211ab780b6ad3d0581478f2076"
  name = "google.golang.org/grpc"
  packages = [
    ".",
    "balancer",
    "balancer/base",
    "balancer/roundrobin",
    "binarylog/grpc_binarylog_v1",
    "codes",
    "connectivity",
    "credentials",
    "credentials/internal",
    "encoding",
    "encoding/proto",
    "grpclog",
    "internal",
    "internal/backoff",
    "internal/balancerload",
    "internal/binarylog",
    "internal/channelz",
    "internal/envconfig",
    "internal/grpcrand",
    "internal/grpcsync",
    "internal/syscall",
    "internal/transport",
    "keepalive",
    "metadata",
    "naming",
    "peer",
    "resolver",
    "resolver/dns",
    "resolver/passthrough",
    "serviceconfig",
    "stats",
    "status",
    "tap",
  ]
  pruneopts = ""
  revision = "6eaf6f47437a6b4e2153a190160ef39a92c7eceb"
  version = "v1.23.0"

[[projects]]
  digest = "1:cedccf16b71e86db87a24f8d4c70b0a855872eb967cb906a66b95de56aefbd0d"
  name = "gopkg.in/yaml.v2"
  packages = ["."]
  pruneopts = ""
  revision = "51d6538a90f86fe93ac480b35f37b2be17fef232"
  version = "v2.2.2"

[solve-meta]
  analyzer-name = "dep"
  analyzer-version = 1
  input-imports = [
    "github.com/armon/go-proxyproto",
    "github.com/dgrijalva/jwt-go",
    "github.com/gogo/protobuf/proto",
    "github.com/golang/protobuf/proto",
    "github.com/google/btree",
    "github.com/google/uuid",
    "github.com/grpc-ecosystem/go-grpc-prometheus",
    "github.com/hashicorp/consul/api",
    "github.com/hashicorp/go-immutable-radix",
    "github.com/hashicorp/go-memdb",
    "github.com/hashicorp/memberlist",
    "github.com/hashicorp/raft",
    "github.com/hashicorp/vault/api",
    "github.com/prometheus/client_golang/prometheus/promhttp",
    "github.com/spf13/cobra",
    "github.com/spf13/viper",
    "github.com/stretchr/testify/assert",
    "github.com/stretchr/testify/require",
    "github.com/vx-labs/iot-mqtt-auth/api",
    "github.com/vx-labs/mqtt-protocol/decoder",
    "github.com/vx-labs/mqtt-protocol/encoder",
    "github.com/vx-labs/mqtt-protocol/packet",
    "go.uber.org/zap",
    "go.uber.org/zap/zapcore",
    "golang.org/x/crypto/acme",
    "golang.org/x/crypto/acme/autocert",
    "golang.org/x/net/context",
    "golang.org/x/net/websocket",
    "google.golang.org/grpc",
    "google.golang.org/grpc/balancer/roundrobin",
    "google.golang.org/grpc/codes",
    "google.golang.org/grpc/keepalive",
    "google.golang.org/grpc/resolver",
    "google.golang.org/grpc/status",
  ]
  solver-name = "gps-cdcl"
  solver-version = 1
